
Microsoft Visual Studio Solution File, Format Version 12.00
# Visual Studio 15
VisualStudioVersion = 15.0.27428.2015
MinimumVisualStudioVersion = 10.0.40219.1
Project("{9092AA53-FB77-4645-B42D-1CCCA6BD08BD}") = "Asyn_MandelbrotSet_Fractal", "TP1_20180926_WEI\Asyn_MandelbrotSet_Fractal.njsproj", "{8707B0C3-C38C-4992-8E9C-2D82233CEE1C}"
EndProject
Global
	GlobalSection(SolutionConfigurationPlatforms) = preSolution
		Debug|Any CPU = Debug|Any CPU
		Release|Any CPU = Release|Any CPU
	EndGlobalSection
	GlobalSection(ProjectConfigurationPlatforms) = postSolution
		{8707B0C3-C38C-4992-8E9C-2D82233CEE1C}.Debug|Any CPU.ActiveCfg = Debug|Any CPU
		{8707B0C3-C38C-4992-8E9C-2D82233CEE1C}.Debug|Any CPU.Build.0 = Debug|Any CPU
		{8707B0C3-C38C-4992-8E9C-2D82233CEE1C}.Release|Any CPU.ActiveCfg = Release|Any CPU
		{8707B0C3-C38C-4992-8E9C-2D82233CEE1C}.Release|Any CPU.Build.0 = Release|Any CPU
	EndGlobalSection
	GlobalSection(SolutionProperties) = preSolution
		HideSolutionNode = FALSE
	EndGlobalSection
	GlobalSection(ExtensibilityGlobals) = postSolution
		SolutionGuid = {CE74E256-9211-4DE7-AD6F-CB1C1C3D556A}
	EndGlobalSection
EndGlobal
